
Microsoft Visual Studio Solution File, Format Version 12.00
# Visual Studio 15
VisualStudioVersion = 15.0.28307.539
MinimumVisualStudioVersion = 10.0.40219.1
Project("{FAE04EC0-301F-11D3-BF4B-00C04F79EFBC}") = "DakarRallySimulation", "DakarRallySimulation\DakarRallySimulation.csproj", "{60E3BAC1-EECF-4FD2-BEB4-B74D669994D5}"
EndProject
Project("{FAE04EC0-301F-11D3-BF4B-00C04F79EFBC}") = "DakarRallySimulation.Tests", "DakarRallySimulation.Tests\DakarRallySimulation.Tests.csproj", "{EE59A11C-CA15-4B4B-A22B-08CE7463F250}"
EndProject
Project("{FAE04EC0-301F-11D3-BF4B-00C04F79EFBC}") = "DakarRallySimulation.Data", "DakarRallySimulation.Data\DakarRallySimulation.Data.csproj", "{47F3D76F-F29A-4957-9CE3-6ABCBA694B54}"
EndProject
Global
	GlobalSection(SolutionConfigurationPlatforms) = preSolution
		Debug|Any CPU = Debug|Any CPU
		Release|Any CPU = Release|Any CPU
	EndGlobalSection
	GlobalSection(ProjectConfigurationPlatforms) = postSolution
		{60E3BAC1-EECF-4FD2-BEB4-B74D669994D5}.Debug|Any CPU.ActiveCfg = Debug|Any CPU
		{60E3BAC1-EECF-4FD2-BEB4-B74D669994D5}.Debug|Any CPU.Build.0 = Debug|Any CPU
		{60E3BAC1-EECF-4FD2-BEB4-B74D669994D5}.Release|Any CPU.ActiveCfg = Release|Any CPU
		{60E3BAC1-EECF-4FD2-BEB4-B74D669994D5}.Release|Any CPU.Build.0 = Release|Any CPU
		{EE59A11C-CA15-4B4B-A22B-08CE7463F250}.Debug|Any CPU.ActiveCfg = Debug|Any CPU
		{EE59A11C-CA15-4B4B-A22B-08CE7463F250}.Debug|Any CPU.Build.0 = Debug|Any CPU
		{EE59A11C-CA15-4B4B-A22B-08CE7463F250}.Release|Any CPU.ActiveCfg = Release|Any CPU
		{EE59A11C-CA15-4B4B-A22B-08CE7463F250}.Release|Any CPU.Build.0 = Release|Any CPU
		{47F3D76F-F29A-4957-9CE3-6ABCBA694B54}.Debug|Any CPU.ActiveCfg = Debug|Any CPU
		{47F3D76F-F29A-4957-9CE3-6ABCBA694B54}.Debug|Any CPU.Build.0 = Debug|Any CPU
		{47F3D76F-F29A-4957-9CE3-6ABCBA694B54}.Release|Any CPU.ActiveCfg = Release|Any CPU
		{47F3D76F-F29A-4957-9CE3-6ABCBA694B54}.Release|Any CPU.Build.0 = Release|Any CPU
	EndGlobalSection
	GlobalSection(SolutionProperties) = preSolution
		HideSolutionNode = FALSE
	EndGlobalSection
	GlobalSection(ExtensibilityGlobals) = postSolution
		SolutionGuid = {16D778C9-6F8F-4033-952C-9B93FC843D20}
	EndGlobalSection
EndGlobal
